
Microsoft Visual Studio Solution File, Format Version 12.00
# Visual Studio Version 16
VisualStudioVersion = 16.0.30225.117
MinimumVisualStudioVersion = 10.0.40219.1
Project("{9A19103F-16F7-4668-BE54-9A1E7A4F7556}") = "Shop", "..\Shop.csproj", "{7D27166A-1913-4551-B4FC-A3C0DA31896B}"
EndProject
Global
	GlobalSection(SolutionConfigurationPlatforms) = preSolution
		Debug|Any CPU = Debug|Any CPU
		Release|Any CPU = Release|Any CPU
	EndGlobalSection
	GlobalSection(ProjectConfigurationPlatforms) = postSolution
		{7D27166A-1913-4551-B4FC-A3C0DA31896B}.Debug|Any CPU.ActiveCfg = Debug|Any CPU
		{7D27166A-1913-4551-B4FC-A3C0DA31896B}.Debug|Any CPU.Build.0 = Debug|Any CPU
		{7D27166A-1913-4551-B4FC-A3C0DA31896B}.Release|Any CPU.ActiveCfg = Release|Any CPU
		{7D27166A-1913-4551-B4FC-A3C0DA31896B}.Release|Any CPU.Build.0 = Release|Any CPU
	EndGlobalSection
	GlobalSection(SolutionProperties) = preSolution
		HideSolutionNode = FALSE
	EndGlobalSection
	GlobalSection(ExtensibilityGlobals) = postSolution
		SolutionGuid = {447DDCBD-5F17-4FCE-8DB6-1A4F01D52DB0}
	EndGlobalSection
EndGlobal
